
Microsoft Visual Studio Solution File, Format Version 12.00
# Visual Studio Version 16
VisualStudioVersion = 16.0.29709.97
MinimumVisualStudioVersion = 10.0.40219.1
Project("{FAE04EC0-301F-11D3-BF4B-00C04F79EFBC}") = "APITesting", "APITesting\APITesting.csproj", "{899FBA98-879B-498D-AD73-C6479A4A026C}"
EndProject
Global
	GlobalSection(SolutionConfigurationPlatforms) = preSolution
		Debug|Any CPU = Debug|Any CPU
		Release|Any CPU = Release|Any CPU
	EndGlobalSection
	GlobalSection(ProjectConfigurationPlatforms) = postSolution
		{899FBA98-879B-498D-AD73-C6479A4A026C}.Debug|Any CPU.ActiveCfg = Debug|Any CPU
		{899FBA98-879B-498D-AD73-C6479A4A026C}.Debug|Any CPU.Build.0 = Debug|Any CPU
		{899FBA98-879B-498D-AD73-C6479A4A026C}.Release|Any CPU.ActiveCfg = Release|Any CPU
		{899FBA98-879B-498D-AD73-C6479A4A026C}.Release|Any CPU.Build.0 = Release|Any CPU
	EndGlobalSection
	GlobalSection(SolutionProperties) = preSolution
		HideSolutionNode = FALSE
	EndGlobalSection
	GlobalSection(ExtensibilityGlobals) = postSolution
		SolutionGuid = {C2E308E0-FACF-42DB-838F-608BD2CCC09D}
	EndGlobalSection
EndGlobal
